
Microsoft Visual Studio Solution File, Format Version 12.00
# Visual Studio Version 16
VisualStudioVersion = 16.0.29326.143
MinimumVisualStudioVersion = 10.0.40219.1
Project("{FAE04EC0-301F-11D3-BF4B-00C04F79EFBC}") = "Task1", "Assignment1\Task1.csproj", "{2832EA70-EBA1-4B03-9D34-3CA4E768C779}"
EndProject
Project("{FAE04EC0-301F-11D3-BF4B-00C04F79EFBC}") = "Task2", "Task2\Task2.csproj", "{61E20F59-5319-4EC9-8560-C6D6E6D89E81}"
EndProject
Project("{FAE04EC0-301F-11D3-BF4B-00C04F79EFBC}") = "Task3", "Task3t\Task3.csproj", "{89981D9B-0487-441C-AB3C-210B33EC8531}"
EndProject
Project("{FAE04EC0-301F-11D3-BF4B-00C04F79EFBC}") = "Task4", "task4t\Task4.csproj", "{3E32B48C-AE9C-4FC1-B159-6C36BA958218}"
EndProject
Project("{FAE04EC0-301F-11D3-BF4B-00C04F79EFBC}") = "Task5", "Task5\Task5.csproj", "{6F1764EA-EE6F-44BC-8248-9DEBB73D3DEB}"
EndProject
Project("{FAE04EC0-301F-11D3-BF4B-00C04F79EFBC}") = "Task6", "Task6\Task6.csproj", "{9FD75D05-5C15-4903-8F08-1629ED56BCE8}"
EndProject
Project("{FAE04EC0-301F-11D3-BF4B-00C04F79EFBC}") = "Task7", "Task7\Task7.csproj", "{17F3BCEA-A998-4B9B-A2D1-7CB6BA3B9B2C}"
EndProject
Project("{FAE04EC0-301F-11D3-BF4B-00C04F79EFBC}") = "Task8", "Task8\Task8.csproj", "{85F64EC8-5BD1-4824-8B76-3366F32B8EF8}"
EndProject
Project("{FAE04EC0-301F-11D3-BF4B-00C04F79EFBC}") = "Task6_ANDRE", "Task6_ANDRE\Task6_ANDRE.csproj", "{B4CC846E-47C8-44B0-AFA7-1A49F5A424D0}"
EndProject
Project("{FAE04EC0-301F-11D3-BF4B-00C04F79EFBC}") = "Task6_ANDRE2", "Task6_ANDRE2\Task6_ANDRE2.csproj", "{F96D9B6B-1675-49DC-8E5D-D4E2DC7BEC52}"
EndProject
Global
	GlobalSection(SolutionConfigurationPlatforms) = preSolution
		Debug|Any CPU = Debug|Any CPU
		Release|Any CPU = Release|Any CPU
	EndGlobalSection
	GlobalSection(ProjectConfigurationPlatforms) = postSolution
		{2832EA70-EBA1-4B03-9D34-3CA4E768C779}.Debug|Any CPU.ActiveCfg = Debug|Any CPU
		{2832EA70-EBA1-4B03-9D34-3CA4E768C779}.Debug|Any CPU.Build.0 = Debug|Any CPU
		{2832EA70-EBA1-4B03-9D34-3CA4E768C779}.Release|Any CPU.ActiveCfg = Release|Any CPU
		{2832EA70-EBA1-4B03-9D34-3CA4E768C779}.Release|Any CPU.Build.0 = Release|Any CPU
		{61E20F59-5319-4EC9-8560-C6D6E6D89E81}.Debug|Any CPU.ActiveCfg = Debug|Any CPU
		{61E20F59-5319-4EC9-8560-C6D6E6D89E81}.Debug|Any CPU.Build.0 = Debug|Any CPU
		{61E20F59-5319-4EC9-8560-C6D6E6D89E81}.Release|Any CPU.ActiveCfg = Release|Any CPU
		{61E20F59-5319-4EC9-8560-C6D6E6D89E81}.Release|Any CPU.Build.0 = Release|Any CPU
		{89981D9B-0487-441C-AB3C-210B33EC8531}.Debug|Any CPU.ActiveCfg = Debug|Any CPU
		{89981D9B-0487-441C-AB3C-210B33EC8531}.Debug|Any CPU.Build.0 = Debug|Any CPU
		{89981D9B-0487-441C-AB3C-210B33EC8531}.Release|Any CPU.ActiveCfg = Release|Any CPU
		{89981D9B-0487-441C-AB3C-210B33EC8531}.Release|Any CPU.Build.0 = Release|Any CPU
		{3E32B48C-AE9C-4FC1-B159-6C36BA958218}.Debug|Any CPU.ActiveCfg = Debug|Any CPU
		{3E32B48C-AE9C-4FC1-B159-6C36BA958218}.Debug|Any CPU.Build.0 = Debug|Any CPU
		{3E32B48C-AE9C-4FC1-B159-6C36BA958218}.Release|Any CPU.ActiveCfg = Release|Any CPU
		{3E32B48C-AE9C-4FC1-B159-6C36BA958218}.Release|Any CPU.Build.0 = Release|Any CPU
		{6F1764EA-EE6F-44BC-8248-9DEBB73D3DEB}.Debug|Any CPU.ActiveCfg = Debug|Any CPU
		{6F1764EA-EE6F-44BC-8248-9DEBB73D3DEB}.Debug|Any CPU.Build.0 = Debug|Any CPU
		{6F1764EA-EE6F-44BC-8248-9DEBB73D3DEB}.Release|Any CPU.ActiveCfg = Release|Any CPU
		{6F1764EA-EE6F-44BC-8248-9DEBB73D3DEB}.Release|Any CPU.Build.0 = Release|Any CPU
		{9FD75D05-5C15-4903-8F08-1629ED56BCE8}.Debug|Any CPU.ActiveCfg = Debug|Any CPU
		{9FD75D05-5C15-4903-8F08-1629ED56BCE8}.Debug|Any CPU.Build.0 = Debug|Any CPU
		{9FD75D05-5C15-4903-8F08-1629ED56BCE8}.Release|Any CPU.ActiveCfg = Release|Any CPU
		{9FD75D05-5C15-4903-8F08-1629ED56BCE8}.Release|Any CPU.Build.0 = Release|Any CPU
		{17F3BCEA-A998-4B9B-A2D1-7CB6BA3B9B2C}.Debug|Any CPU.ActiveCfg = Debug|Any CPU
		{17F3BCEA-A998-4B9B-A2D1-7CB6BA3B9B2C}.Debug|Any CPU.Build.0 = Debug|Any CPU
		{17F3BCEA-A998-4B9B-A2D1-7CB6BA3B9B2C}.Release|Any CPU.ActiveCfg = Release|Any CPU
		{17F3BCEA-A998-4B9B-A2D1-7CB6BA3B9B2C}.Release|Any CPU.Build.0 = Release|Any CPU
		{85F64EC8-5BD1-4824-8B76-3366F32B8EF8}.Debug|Any CPU.ActiveCfg = Debug|Any CPU
		{85F64EC8-5BD1-4824-8B76-3366F32B8EF8}.Debug|Any CPU.Build.0 = Debug|Any CPU
		{85F64EC8-5BD1-4824-8B76-3366F32B8EF8}.Release|Any CPU.ActiveCfg = Release|Any CPU
		{85F64EC8-5BD1-4824-8B76-3366F32B8EF8}.Release|Any CPU.Build.0 = Release|Any CPU
		{B4CC846E-47C8-44B0-AFA7-1A49F5A424D0}.Debug|Any CPU.ActiveCfg = Debug|Any CPU
		{B4CC846E-47C8-44B0-AFA7-1A49F5A424D0}.Debug|Any CPU.Build.0 = Debug|Any CPU
		{B4CC846E-47C8-44B0-AFA7-1A49F5A424D0}.Release|Any CPU.ActiveCfg = Release|Any CPU
		{B4CC846E-47C8-44B0-AFA7-1A49F5A424D0}.Release|Any CPU.Build.0 = Release|Any CPU
		{F96D9B6B-1675-49DC-8E5D-D4E2DC7BEC52}.Debug|Any CPU.ActiveCfg = Debug|Any CPU
		{F96D9B6B-1675-49DC-8E5D-D4E2DC7BEC52}.Debug|Any CPU.Build.0 = Debug|Any CPU
		{F96D9B6B-1675-49DC-8E5D-D4E2DC7BEC52}.Release|Any CPU.ActiveCfg = Release|Any CPU
		{F96D9B6B-1675-49DC-8E5D-D4E2DC7BEC52}.Release|Any CPU.Build.0 = Release|Any CPU
	EndGlobalSection
	GlobalSection(SolutionProperties) = preSolution
		HideSolutionNode = FALSE
	EndGlobalSection
	GlobalSection(ExtensibilityGlobals) = postSolution
		SolutionGuid = {EE289E2A-5EA7-48EE-BDCB-7EC3685B8A1B}
	EndGlobalSection
EndGlobal
